
Microsoft Visual Studio Solution File, Format Version 12.00
# Visual Studio Version 17
VisualStudioVersion = 17.5.33530.505
MinimumVisualStudioVersion = 10.0.40219.1
Project("{FAE04EC0-301F-11D3-BF4B-00C04F79EFBC}") = "Sec8", "Sec8\Sec8.csproj", "{56820AEB-0859-4F3B-8773-66D3B9A94C53}"
EndProject
Global
	GlobalSection(SolutionConfigurationPlatforms) = preSolution
		Debug|Any CPU = Debug|Any CPU
		Release|Any CPU = Release|Any CPU
	EndGlobalSection
	GlobalSection(ProjectConfigurationPlatforms) = postSolution
		{56820AEB-0859-4F3B-8773-66D3B9A94C53}.Debug|Any CPU.ActiveCfg = Debug|Any CPU
		{56820AEB-0859-4F3B-8773-66D3B9A94C53}.Debug|Any CPU.Build.0 = Debug|Any CPU
		{56820AEB-0859-4F3B-8773-66D3B9A94C53}.Release|Any CPU.ActiveCfg = Release|Any CPU
		{56820AEB-0859-4F3B-8773-66D3B9A94C53}.Release|Any CPU.Build.0 = Release|Any CPU
	EndGlobalSection
	GlobalSection(SolutionProperties) = preSolution
		HideSolutionNode = FALSE
	EndGlobalSection
	GlobalSection(ExtensibilityGlobals) = postSolution
		SolutionGuid = {7D0A903C-5BE7-494A-9528-F485BBC80478}
	EndGlobalSection
EndGlobal
